// !$*UTF8*$!
{
	archiveVersion = 1;
	classes = {
	};
	objectVersion = 46;
	objects = {

/* Begin PBXBuildFile section */
		182C4DE5A986BADB684E7FA8 /* Pods_InitiativeUITests.framework in Frameworks */ = {isa = PBXBuildFile; fileRef = 331B90F69FD871A43EFB7715 /* Pods_InitiativeUITests.framework */; };
		AD0D28961D2CE58500F79A78 /* SignInController.swift in Sources */ = {isa = PBXBuildFile; fileRef = AD0D287E1D2CE58500F79A78 /* SignInController.swift */; };
		AD0D28971D2CE58500F79A78 /* ViewController.swift in Sources */ = {isa = PBXBuildFile; fileRef = AD0D28801D2CE58500F79A78 /* ViewController.swift */; };
		AD0D28981D2CE58500F79A78 /* ViewController2.swift in Sources */ = {isa = PBXBuildFile; fileRef = AD0D28811D2CE58500F79A78 /* ViewController2.swift */; };
		AD0D28991D2CE58500F79A78 /* AppDelegate.swift in Sources */ = {isa = PBXBuildFile; fileRef = AD0D28831D2CE58500F79A78 /* AppDelegate.swift */; };
		AD0D289A1D2CE58500F79A78 /* Player.swift in Sources */ = {isa = PBXBuildFile; fileRef = AD0D28861D2CE58500F79A78 /* Player.swift */; };
		AD0D289B1D2CE58500F79A78 /* SampleData.swift in Sources */ = {isa = PBXBuildFile; fileRef = AD0D28871D2CE58500F79A78 /* SampleData.swift */; };
		AD0D289C1D2CE58500F79A78 /* PlayerCell.swift in Sources */ = {isa = PBXBuildFile; fileRef = AD0D28911D2CE58500F79A78 /* PlayerCell.swift */; };
		AD0D289D1D2CE58500F79A78 /* TableCell.swift in Sources */ = {isa = PBXBuildFile; fileRef = AD0D28921D2CE58500F79A78 /* TableCell.swift */; };
		AD0D28AC1D2CEC2500F79A78 /* Info.plist in Resources */ = {isa = PBXBuildFile; fileRef = AD0D28A81D2CEC2500F79A78 /* Info.plist */; };
		AD0D28AD1D2CEC2500F79A78 /* appbg.png in Resources */ = {isa = PBXBuildFile; fileRef = AD0D28A91D2CEC2500F79A78 /* appbg.png */; };
		AD0D28B31D2CF8A300F79A78 /* GoogleService-Info.plist in Resources */ = {isa = PBXBuildFile; fileRef = AD0D28B21D2CF8A300F79A78 /* GoogleService-Info.plist */; };
		AD9505D61D21050A00B7ECE2 /* Main.storyboard in Resources */ = {isa = PBXBuildFile; fileRef = AD9505D41D21050A00B7ECE2 /* Main.storyboard */; };
		AD9505D91D21050A00B7ECE2 /* Initiative.xcdatamodeld in Sources */ = {isa = PBXBuildFile; fileRef = AD9505D71D21050A00B7ECE2 /* Initiative.xcdatamodeld */; };
		AD9505DB1D21050A00B7ECE2 /* Assets.xcassets in Resources */ = {isa = PBXBuildFile; fileRef = AD9505DA1D21050A00B7ECE2 /* Assets.xcassets */; };
		AD9505DE1D21050A00B7ECE2 /* LaunchScreen.storyboard in Resources */ = {isa = PBXBuildFile; fileRef = AD9505DC1D21050A00B7ECE2 /* LaunchScreen.storyboard */; };
		AD9505E91D21050A00B7ECE2 /* InitiativeTests.swift in Sources */ = {isa = PBXBuildFile; fileRef = AD9505E81D21050A00B7ECE2 /* InitiativeTests.swift */; };
		AD9505F41D21050A00B7ECE2 /* InitiativeUITests.swift in Sources */ = {isa = PBXBuildFile; fileRef = AD9505F31D21050A00B7ECE2 /* InitiativeUITests.swift */; };
		F2DC1CCA2D51E72CA9B7F197 /* Pods_Initiative.framework in Frameworks */ = {isa = PBXBuildFile; fileRef = C2D536FB34A1ADF1A0100B8C /* Pods_Initiative.framework */; };
		F96A43FDC35C8A14D67019F0 /* Pods_InitiativeTests.framework in Frameworks */ = {isa = PBXBuildFile; fileRef = 6685729008C88DF887C2E633 /* Pods_InitiativeTests.framework */; };
/* End PBXBuildFile section */

/* Begin PBXContainerItemProxy section */
		AD9505E51D21050A00B7ECE2 /* PBXContainerItemProxy */ = {
			isa = PBXContainerItemProxy;
			containerPortal = AD9505C51D21050A00B7ECE2 /* Project object */;
			proxyType = 1;
			remoteGlobalIDString = AD9505CC1D21050A00B7ECE2;
			remoteInfo = Initiative;
		};
		AD9505F01D21050A00B7ECE2 /* PBXContainerItemProxy */ = {
			isa = PBXContainerItemProxy;
			containerPortal = AD9505C51D21050A00B7ECE2 /* Project object */;
			proxyType = 1;
			remoteGlobalIDString = AD9505CC1D21050A00B7ECE2;
			remoteInfo = Initiative;
		};
/* End PBXContainerItemProxy section */

/* Begin PBXFileReference section */
		02D409A5591DF065B4E379A5 /* Pods-Initiative.debug.xcconfig */ = {isa = PBXFileReference; includeInIndex = 1; lastKnownFileType = text.xcconfig; name = "Pods-Initiative.debug.xcconfig"; path = "Pods/Target Support Files/Pods-Initiative/Pods-Initiative.debug.xcconfig"; sourceTree = "<group>"; };
		0A43DABC051F9B708E737CE1 /* Pods-InitiativeUITests.debug.xcconfig */ = {isa = PBXFileReference; includeInIndex = 1; lastKnownFileType = text.xcconfig; name = "Pods-InitiativeUITests.debug.xcconfig"; path = "Pods/Target Support Files/Pods-InitiativeUITests/Pods-InitiativeUITests.debug.xcconfig"; sourceTree = "<group>"; };
		2384015970A3A87BF05DD519 /* Pods-InitiativeTests.release.xcconfig */ = {isa = PBXFileReference; includeInIndex = 1; lastKnownFileType = text.xcconfig; name = "Pods-InitiativeTests.release.xcconfig"; path = "Pods/Target Support Files/Pods-InitiativeTests/Pods-InitiativeTests.release.xcconfig"; sourceTree = "<group>"; };
		331B90F69FD871A43EFB7715 /* Pods_InitiativeUITests.framework */ = {isa = PBXFileReference; explicitFileType = wrapper.framework; includeInIndex = 0; path = Pods_InitiativeUITests.framework; sourceTree = BUILT_PRODUCTS_DIR; };
		544845BB8E251FDE79D3AF26 /* Pods-InitiativeTests.debug.xcconfig */ = {isa = PBXFileReference; includeInIndex = 1; lastKnownFileType = text.xcconfig; name = "Pods-InitiativeTests.debug.xcconfig"; path = "Pods/Target Support Files/Pods-InitiativeTests/Pods-InitiativeTests.debug.xcconfig"; sourceTree = "<group>"; };
		5CC17C497EB83D078B5AF3F7 /* Pods-Initiative.release.xcconfig */ = {isa = PBXFileReference; includeInIndex = 1; lastKnownFileType = text.xcconfig; name = "Pods-Initiative.release.xcconfig"; path = "Pods/Target Support Files/Pods-Initiative/Pods-Initiative.release.xcconfig"; sourceTree = "<group>"; };
		6685729008C88DF887C2E633 /* Pods_InitiativeTests.framework */ = {isa = PBXFileReference; explicitFileType = wrapper.framework; includeInIndex = 0; path = Pods_InitiativeTests.framework; sourceTree = BUILT_PRODUCTS_DIR; };
		72FDE6F9FE8502B77F8FCCCF /* Pods-InitiativeUITests.release.xcconfig */ = {isa = PBXFileReference; includeInIndex = 1; lastKnownFileType = text.xcconfig; name = "Pods-InitiativeUITests.release.xcconfig"; path = "Pods/Target Support Files/Pods-InitiativeUITests/Pods-InitiativeUITests.release.xcconfig"; sourceTree = "<group>"; };
		AD0D287E1D2CE58500F79A78 /* SignInController.swift */ = {isa = PBXFileReference; fileEncoding = 4; lastKnownFileType = sourcecode.swift; path = SignInController.swift; sourceTree = "<group>"; };
		AD0D28801D2CE58500F79A78 /* ViewController.swift */ = {isa = PBXFileReference; fileEncoding = 4; lastKnownFileType = sourcecode.swift; path = ViewController.swift; sourceTree = "<group>"; };
		AD0D28811D2CE58500F79A78 /* ViewController2.swift */ = {isa = PBXFileReference; fileEncoding = 4; lastKnownFileType = sourcecode.swift; path = ViewController2.swift; sourceTree = "<group>"; };
		AD0D28831D2CE58500F79A78 /* AppDelegate.swift */ = {isa = PBXFileReference; fileEncoding = 4; lastKnownFileType = sourcecode.swift; path = AppDelegate.swift; sourceTree = "<group>"; };
		AD0D28861D2CE58500F79A78 /* Player.swift */ = {isa = PBXFileReference; fileEncoding = 4; lastKnownFileType = sourcecode.swift; path = Player.swift; sourceTree = "<group>"; };
		AD0D28871D2CE58500F79A78 /* SampleData.swift */ = {isa = PBXFileReference; fileEncoding = 4; lastKnownFileType = sourcecode.swift; path = SampleData.swift; sourceTree = "<group>"; };
		AD0D28911D2CE58500F79A78 /* PlayerCell.swift */ = {isa = PBXFileReference; fileEncoding = 4; lastKnownFileType = sourcecode.swift; path = PlayerCell.swift; sourceTree = "<group>"; };
		AD0D28921D2CE58500F79A78 /* TableCell.swift */ = {isa = PBXFileReference; fileEncoding = 4; lastKnownFileType = sourcecode.swift; path = TableCell.swift; sourceTree = "<group>"; };
		AD0D28A41D2CE77C00F79A78 /* SignInExampleSwift-Bridging-Header.h */ = {isa = PBXFileReference; fileEncoding = 4; lastKnownFileType = sourcecode.c.h; path = "SignInExampleSwift-Bridging-Header.h"; sourceTree = "<group>"; };
		AD0D28A81D2CEC2500F79A78 /* Info.plist */ = {isa = PBXFileReference; fileEncoding = 4; lastKnownFileType = text.plist.xml; path = Info.plist; sourceTree = "<group>"; };
		AD0D28A91D2CEC2500F79A78 /* appbg.png */ = {isa = PBXFileReference; lastKnownFileType = image.png; path = appbg.png; sourceTree = "<group>"; };
		AD0D28B21D2CF8A300F79A78 /* GoogleService-Info.plist */ = {isa = PBXFileReference; fileEncoding = 4; lastKnownFileType = text.plist.xml; path = "GoogleService-Info.plist"; sourceTree = "<group>"; };
		AD0D28B81D2D00DE00F79A78 /* Initiative-Bridging-Header.h */ = {isa = PBXFileReference; fileEncoding = 4; lastKnownFileType = sourcecode.c.h; path = "Initiative-Bridging-Header.h"; sourceTree = "<group>"; };
		AD9505CD1D21050A00B7ECE2 /* Initiative.app */ = {isa = PBXFileReference; explicitFileType = wrapper.application; includeInIndex = 0; path = Initiative.app; sourceTree = BUILT_PRODUCTS_DIR; };
		AD9505D51D21050A00B7ECE2 /* Base */ = {isa = PBXFileReference; lastKnownFileType = file.storyboard; name = Base; path = Base.lproj/Main.storyboard; sourceTree = "<group>"; };
		AD9505D81D21050A00B7ECE2 /* Initiative.xcdatamodel */ = {isa = PBXFileReference; lastKnownFileType = wrapper.xcdatamodel; path = Initiative.xcdatamodel; sourceTree = "<group>"; };
		AD9505DA1D21050A00B7ECE2 /* Assets.xcassets */ = {isa = PBXFileReference; lastKnownFileType = folder.assetcatalog; path = Assets.xcassets; sourceTree = "<group>"; };
		AD9505DD1D21050A00B7ECE2 /* Base */ = {isa = PBXFileReference; lastKnownFileType = file.storyboard; name = Base; path = Base.lproj/LaunchScreen.storyboard; sourceTree = "<group>"; };
		AD9505DF1D21050A00B7ECE2 /* Info.plist */ = {isa = PBXFileReference; lastKnownFileType = text.plist.xml; path = Info.plist; sourceTree = "<group>"; };
		AD9505E41D21050A00B7ECE2 /* InitiativeTests.xctest */ = {isa = PBXFileReference; explicitFileType = wrapper.cfbundle; includeInIndex = 0; path = InitiativeTests.xctest; sourceTree = BUILT_PRODUCTS_DIR; };
		AD9505E81D21050A00B7ECE2 /* InitiativeTests.swift */ = {isa = PBXFileReference; lastKnownFileType = sourcecode.swift; path = InitiativeTests.swift; sourceTree = "<group>"; };
		AD9505EA1D21050A00B7ECE2 /* Info.plist */ = {isa = PBXFileReference; lastKnownFileType = text.plist.xml; path = Info.plist; sourceTree = "<group>"; };
		AD9505EF1D21050A00B7ECE2 /* InitiativeUITests.xctest */ = {isa = PBXFileReference; explicitFileType = wrapper.cfbundle; includeInIndex = 0; path = InitiativeUITests.xctest; sourceTree = BUILT_PRODUCTS_DIR; };
		AD9505F31D21050A00B7ECE2 /* InitiativeUITests.swift */ = {isa = PBXFileReference; lastKnownFileType = sourcecode.swift; path = InitiativeUITests.swift; sourceTree = "<group>"; };
		AD9505F51D21050A00B7ECE2 /* Info.plist */ = {isa = PBXFileReference; lastKnownFileType = text.plist.xml; path = Info.plist; sourceTree = "<group>"; };
		C2D536FB34A1ADF1A0100B8C /* Pods_Initiative.framework */ = {isa = PBXFileReference; explicitFileType = wrapper.framework; includeInIndex = 0; path = Pods_Initiative.framework; sourceTree = BUILT_PRODUCTS_DIR; };
/* End PBXFileReference section */

/* Begin PBXFrameworksBuildPhase section */
		AD9505CA1D21050A00B7ECE2 /* Frameworks */ = {
			isa = PBXFrameworksBuildPhase;
			buildActionMask = 2147483647;
			files = (
				F2DC1CCA2D51E72CA9B7F197 /* Pods_Initiative.framework in Frameworks */,
			);
			runOnlyForDeploymentPostprocessing = 0;
		};
		AD9505E11D21050A00B7ECE2 /* Frameworks */ = {
			isa = PBXFrameworksBuildPhase;
			buildActionMask = 2147483647;
			files = (
				F96A43FDC35C8A14D67019F0 /* Pods_InitiativeTests.framework in Frameworks */,
			);
			runOnlyForDeploymentPostprocessing = 0;
		};
		AD9505EC1D21050A00B7ECE2 /* Frameworks */ = {
			isa = PBXFrameworksBuildPhase;
			buildActionMask = 2147483647;
			files = (
				182C4DE5A986BADB684E7FA8 /* Pods_InitiativeUITests.framework in Frameworks */,
			);
			runOnlyForDeploymentPostprocessing = 0;
		};
/* End PBXFrameworksBuildPhase section */

/* Begin PBXGroup section */
		40F2B32ED3DFF5BE74DBA08B /* Pods */ = {
			isa = PBXGroup;
			children = (
				02D409A5591DF065B4E379A5 /* Pods-Initiative.debug.xcconfig */,
				5CC17C497EB83D078B5AF3F7 /* Pods-Initiative.release.xcconfig */,
				544845BB8E251FDE79D3AF26 /* Pods-InitiativeTests.debug.xcconfig */,
				2384015970A3A87BF05DD519 /* Pods-InitiativeTests.release.xcconfig */,
				0A43DABC051F9B708E737CE1 /* Pods-InitiativeUITests.debug.xcconfig */,
				72FDE6F9FE8502B77F8FCCCF /* Pods-InitiativeUITests.release.xcconfig */,
			);
			name = Pods;
			sourceTree = "<group>";
		};
		AD0D287A1D2CE58500F79A78 /* Sources */ = {
			isa = PBXGroup;
			children = (
				AD0D289F1D2CE77C00F79A78 /* Support */,
				AD0D287B1D2CE58500F79A78 /* Controller */,
				AD0D28821D2CE58500F79A78 /* Delegate */,
				AD0D28841D2CE58500F79A78 /* Helper */,
				AD0D28851D2CE58500F79A78 /* Model */,
				AD0D28891D2CE58500F79A78 /* ThirdParty */,
				AD0D288A1D2CE58500F79A78 /* Utility */,
				AD0D288F1D2CE58500F79A78 /* View */,
			);
			path = Sources;
			sourceTree = "<group>";
		};
		AD0D287B1D2CE58500F79A78 /* Controller */ = {
			isa = PBXGroup;
			children = (
				AD0D287E1D2CE58500F79A78 /* SignInController.swift */,
				AD0D28801D2CE58500F79A78 /* ViewController.swift */,
				AD0D28811D2CE58500F79A78 /* ViewController2.swift */,
			);
			path = Controller;
			sourceTree = "<group>";
		};
		AD0D28821D2CE58500F79A78 /* Delegate */ = {
			isa = PBXGroup;
			children = (
				AD0D28831D2CE58500F79A78 /* AppDelegate.swift */,
			);
			path = Delegate;
			sourceTree = "<group>";
		};
		AD0D28841D2CE58500F79A78 /* Helper */ = {
			isa = PBXGroup;
			children = (
			);
			path = Helper;
			sourceTree = "<group>";
		};
		AD0D28851D2CE58500F79A78 /* Model */ = {
			isa = PBXGroup;
			children = (
				AD0D28861D2CE58500F79A78 /* Player.swift */,
				AD0D28871D2CE58500F79A78 /* SampleData.swift */,
			);
			path = Model;
			sourceTree = "<group>";
		};
		AD0D28891D2CE58500F79A78 /* ThirdParty */ = {
			isa = PBXGroup;
			children = (
			);
			path = ThirdParty;
			sourceTree = "<group>";
		};
		AD0D288A1D2CE58500F79A78 /* Utility */ = {
			isa = PBXGroup;
			children = (
				AD0D288B1D2CE58500F79A78 /* Category */,
				AD0D288C1D2CE58500F79A78 /* Enum */,
				AD0D288D1D2CE58500F79A78 /* Log */,
				AD0D288E1D2CE58500F79A78 /* Macro */,
			);
			path = Utility;
			sourceTree = "<group>";
		};
		AD0D288B1D2CE58500F79A78 /* Category */ = {
			isa = PBXGroup;
			children = (
			);
			path = Category;
			sourceTree = "<group>";
		};
		AD0D288C1D2CE58500F79A78 /* Enum */ = {
			isa = PBXGroup;
			children = (
			);
			path = Enum;
			sourceTree = "<group>";
		};
		AD0D288D1D2CE58500F79A78 /* Log */ = {
			isa = PBXGroup;
			children = (
			);
			path = Log;
			sourceTree = "<group>";
		};
		AD0D288E1D2CE58500F79A78 /* Macro */ = {
			isa = PBXGroup;
			children = (
			);
			path = Macro;
			sourceTree = "<group>";
		};
		AD0D288F1D2CE58500F79A78 /* View */ = {
			isa = PBXGroup;
			children = (
				AD0D28901D2CE58500F79A78 /* Cell */,
				AD0D28931D2CE58500F79A78 /* Nib */,
			);
			path = View;
			sourceTree = "<group>";
		};
		AD0D28901D2CE58500F79A78 /* Cell */ = {
			isa = PBXGroup;
			children = (
				AD0D28911D2CE58500F79A78 /* PlayerCell.swift */,
				AD0D28921D2CE58500F79A78 /* TableCell.swift */,
			);
			path = Cell;
			sourceTree = "<group>";
		};
		AD0D28931D2CE58500F79A78 /* Nib */ = {
			isa = PBXGroup;
			children = (
			);
			path = Nib;
			sourceTree = "<group>";
		};
		AD0D28941D2CE58500F79A78 /* Resources */ = {
			isa = PBXGroup;
			children = (
			);
			path = Resources;
			sourceTree = "<group>";
		};
		AD0D289F1D2CE77C00F79A78 /* Support */ = {
			isa = PBXGroup;
			children = (
				AD0D28A01D2CE77C00F79A78 /* GoogleSignIn */,
			);
			path = Support;
			sourceTree = "<group>";
		};
		AD0D28A01D2CE77C00F79A78 /* GoogleSignIn */ = {
			isa = PBXGroup;
			children = (
				AD0D28A81D2CEC2500F79A78 /* Info.plist */,
				AD0D28A91D2CEC2500F79A78 /* appbg.png */,
				AD0D28A41D2CE77C00F79A78 /* SignInExampleSwift-Bridging-Header.h */,
			);
			path = GoogleSignIn;
			sourceTree = "<group>";
		};
		AD9505C41D21050A00B7ECE2 = {
			isa = PBXGroup;
			children = (
				AD9505CF1D21050A00B7ECE2 /* Initiative */,
				AD9505E71D21050A00B7ECE2 /* InitiativeTests */,
				AD9505F21D21050A00B7ECE2 /* InitiativeUITests */,
				AD9505CE1D21050A00B7ECE2 /* Products */,
				40F2B32ED3DFF5BE74DBA08B /* Pods */,
				ADB10FE1F3F468DCCE21242A /* Frameworks */,
			);
			sourceTree = "<group>";
		};
		AD9505CE1D21050A00B7ECE2 /* Products */ = {
			isa = PBXGroup;
			children = (
				AD9505CD1D21050A00B7ECE2 /* Initiative.app */,
				AD9505E41D21050A00B7ECE2 /* InitiativeTests.xctest */,
				AD9505EF1D21050A00B7ECE2 /* InitiativeUITests.xctest */,
			);
			name = Products;
			sourceTree = "<group>";
		};
		AD9505CF1D21050A00B7ECE2 /* Initiative */ = {
			isa = PBXGroup;
			children = (
				AD0D28B81D2D00DE00F79A78 /* Initiative-Bridging-Header.h */,
				AD0D28B21D2CF8A300F79A78 /* GoogleService-Info.plist */,
				AD9505D41D21050A00B7ECE2 /* Main.storyboard */,
				AD9505DA1D21050A00B7ECE2 /* Assets.xcassets */,
				AD9505DC1D21050A00B7ECE2 /* LaunchScreen.storyboard */,
				AD9505DF1D21050A00B7ECE2 /* Info.plist */,
				AD9505D71D21050A00B7ECE2 /* Initiative.xcdatamodeld */,
				AD0D287A1D2CE58500F79A78 /* Sources */,
				AD0D28941D2CE58500F79A78 /* Resources */,
			);
			path = Initiative;
			sourceTree = "<group>";
		};
		AD9505E71D21050A00B7ECE2 /* InitiativeTests */ = {
			isa = PBXGroup;
			children = (
				AD9505E81D21050A00B7ECE2 /* InitiativeTests.swift */,
				AD9505EA1D21050A00B7ECE2 /* Info.plist */,
			);
			path = InitiativeTests;
			sourceTree = "<group>";
		};
		AD9505F21D21050A00B7ECE2 /* InitiativeUITests */ = {
			isa = PBXGroup;
			children = (
				AD9505F31D21050A00B7ECE2 /* InitiativeUITests.swift */,
				AD9505F51D21050A00B7ECE2 /* Info.plist */,
			);
			path = InitiativeUITests;
			sourceTree = "<group>";
		};
		ADB10FE1F3F468DCCE21242A /* Frameworks */ = {
			isa = PBXGroup;
			children = (
				C2D536FB34A1ADF1A0100B8C /* Pods_Initiative.framework */,
				6685729008C88DF887C2E633 /* Pods_InitiativeTests.framework */,
				331B90F69FD871A43EFB7715 /* Pods_InitiativeUITests.framework */,
			);
			name = Frameworks;
			sourceTree = "<group>";
		};
/* End PBXGroup section */

/* Begin PBXNativeTarget section */
		AD9505CC1D21050A00B7ECE2 /* Initiative */ = {
			isa = PBXNativeTarget;
			buildConfigurationList = AD9505F81D21050A00B7ECE2 /* Build configuration list for PBXNativeTarget "Initiative" */;
			buildPhases = (
				88F13BCDF8545305C2B7BCCF /* 📦 Check Pods Manifest.lock */,
				AD9505C91D21050A00B7ECE2 /* Sources */,
				AD9505CA1D21050A00B7ECE2 /* Frameworks */,
				AD9505CB1D21050A00B7ECE2 /* Resources */,
				EB79AA2C6E1FED67DB7E484C /* 📦 Embed Pods Frameworks */,
				23B31FE7012D45C731C8B6EB /* 📦 Copy Pods Resources */,
			);
			buildRules = (
			);
			dependencies = (
			);
			name = Initiative;
			productName = Initiative;
			productReference = AD9505CD1D21050A00B7ECE2 /* Initiative.app */;
			productType = "com.apple.product-type.application";
		};
		AD9505E31D21050A00B7ECE2 /* InitiativeTests */ = {
			isa = PBXNativeTarget;
			buildConfigurationList = AD9505FB1D21050A00B7ECE2 /* Build configuration list for PBXNativeTarget "InitiativeTests" */;
			buildPhases = (
				3B9054ACD17FD81901DEA6E6 /* 📦 Check Pods Manifest.lock */,
				AD9505E01D21050A00B7ECE2 /* Sources */,
				AD9505E11D21050A00B7ECE2 /* Frameworks */,
				AD9505E21D21050A00B7ECE2 /* Resources */,
				0FCCA2E7960CE7640ACDC08E /* 📦 Embed Pods Frameworks */,
				49EFB6EB17DD088174BD9A41 /* 📦 Copy Pods Resources */,
			);
			buildRules = (
			);
			dependencies = (
				AD9505E61D21050A00B7ECE2 /* PBXTargetDependency */,
			);
			name = InitiativeTests;
			productName = InitiativeTests;
			productReference = AD9505E41D21050A00B7ECE2 /* InitiativeTests.xctest */;
			productType = "com.apple.product-type.bundle.unit-test";
		};
		AD9505EE1D21050A00B7ECE2 /* InitiativeUITests */ = {
			isa = PBXNativeTarget;
			buildConfigurationList = AD9505FE1D21050A00B7ECE2 /* Build configuration list for PBXNativeTarget "InitiativeUITests" */;
			buildPhases = (
				142A2DF202968CDAC2CDD3BA /* 📦 Check Pods Manifest.lock */,
				AD9505EB1D21050A00B7ECE2 /* Sources */,
				AD9505EC1D21050A00B7ECE2 /* Frameworks */,
				AD9505ED1D21050A00B7ECE2 /* Resources */,
				34731B87903F3F482CFA8BD1 /* 📦 Copy Pods Resources */,
			);
			buildRules = (
			);
			dependencies = (
				AD9505F11D21050A00B7ECE2 /* PBXTargetDependency */,
			);
			name = InitiativeUITests;
			productName = InitiativeUITests;
			productReference = AD9505EF1D21050A00B7ECE2 /* InitiativeUITests.xctest */;
			productType = "com.apple.product-type.bundle.ui-testing";
		};
/* End PBXNativeTarget section */

/* Begin PBXProject section */
		AD9505C51D21050A00B7ECE2 /* Project object */ = {
			isa = PBXProject;
			attributes = {
				LastSwiftUpdateCheck = 0730;
				LastUpgradeCheck = 0730;
				ORGANIZATIONNAME = SLS;
				TargetAttributes = {
					AD9505CC1D21050A00B7ECE2 = {
						CreatedOnToolsVersion = 7.3.1;
					};
					AD9505E31D21050A00B7ECE2 = {
						CreatedOnToolsVersion = 7.3.1;
						TestTargetID = AD9505CC1D21050A00B7ECE2;
					};
					AD9505EE1D21050A00B7ECE2 = {
						CreatedOnToolsVersion = 7.3.1;
						TestTargetID = AD9505CC1D21050A00B7ECE2;
					};
				};
			};
			buildConfigurationList = AD9505C81D21050A00B7ECE2 /* Build configuration list for PBXProject "Initiative" */;
			compatibilityVersion = "Xcode 3.2";
			developmentRegion = English;
			hasScannedForEncodings = 0;
			knownRegions = (
				en,
				Base,
			);
			mainGroup = AD9505C41D21050A00B7ECE2;
			productRefGroup = AD9505CE1D21050A00B7ECE2 /* Products */;
			projectDirPath = "";
			projectRoot = "";
			targets = (
				AD9505CC1D21050A00B7ECE2 /* Initiative */,
				AD9505E31D21050A00B7ECE2 /* InitiativeTests */,
				AD9505EE1D21050A00B7ECE2 /* InitiativeUITests */,
			);
		};
/* End PBXProject section */

/* Begin PBXResourcesBuildPhase section */
		AD9505CB1D21050A00B7ECE2 /* Resources */ = {
			isa = PBXResourcesBuildPhase;
			buildActionMask = 2147483647;
			files = (
				AD9505DE1D21050A00B7ECE2 /* LaunchScreen.storyboard in Resources */,
				AD0D28AD1D2CEC2500F79A78 /* appbg.png in Resources */,
				AD0D28AC1D2CEC2500F79A78 /* Info.plist in Resources */,
				AD9505DB1D21050A00B7ECE2 /* Assets.xcassets in Resources */,
				AD9505D61D21050A00B7ECE2 /* Main.storyboard in Resources */,
				AD0D28B31D2CF8A300F79A78 /* GoogleService-Info.plist in Resources */,
			);
			runOnlyForDeploymentPostprocessing = 0;
		};
		AD9505E21D21050A00B7ECE2 /* Resources */ = {
			isa = PBXResourcesBuildPhase;
			buildActionMask = 2147483647;
			files = (
			);
			runOnlyForDeploymentPostprocessing = 0;
		};
		AD9505ED1D21050A00B7ECE2 /* Resources */ = {
			isa = PBXResourcesBuildPhase;
			buildActionMask = 2147483647;
			files = (
			);
			runOnlyForDeploymentPostprocessing = 0;
		};
/* End PBXResourcesBuildPhase section */

/* Begin PBXShellScriptBuildPhase section */
		0FCCA2E7960CE7640ACDC08E /* 📦 Embed Pods Frameworks */ = {
			isa = PBXShellScriptBuildPhase;
			buildActionMask = 2147483647;
			files = (
			);
			inputPaths = (
			);
			name = "📦 Embed Pods Frameworks";
			outputPaths = (
			);
			runOnlyForDeploymentPostprocessing = 0;
			shellPath = /bin/sh;
			shellScript = "\"${SRCROOT}/Pods/Target Support Files/Pods-InitiativeTests/Pods-InitiativeTests-frameworks.sh\"\n";
			showEnvVarsInLog = 0;
		};
		142A2DF202968CDAC2CDD3BA /* 📦 Check Pods Manifest.lock */ = {
			isa = PBXShellScriptBuildPhase;
			buildActionMask = 2147483647;
			files = (
			);
			inputPaths = (
			);
			name = "📦 Check Pods Manifest.lock";
			outputPaths = (
			);
			runOnlyForDeploymentPostprocessing = 0;
			shellPath = /bin/sh;
			shellScript = "diff \"${PODS_ROOT}/../Podfile.lock\" \"${PODS_ROOT}/Manifest.lock\" > /dev/null\nif [[ $? != 0 ]] ; then\n    cat << EOM\nerror: The sandbox is not in sync with the Podfile.lock. Run 'pod install' or update your CocoaPods installation.\nEOM\n    exit 1\nfi\n";
			showEnvVarsInLog = 0;
		};
		23B31FE7012D45C731C8B6EB /* 📦 Copy Pods Resources */ = {
			isa = PBXShellScriptBuildPhase;
			buildActionMask = 2147483647;
			files = (
			);
			inputPaths = (
			);
			name = "📦 Copy Pods Resources";
			outputPaths = (
			);
			runOnlyForDeploymentPostprocessing = 0;
			shellPath = /bin/sh;
			shellScript = "\"${SRCROOT}/Pods/Target Support Files/Pods-Initiative/Pods-Initiative-resources.sh\"\n";
			showEnvVarsInLog = 0;
		};
		34731B87903F3F482CFA8BD1 /* 📦 Copy Pods Resources */ = {
			isa = PBXShellScriptBuildPhase;
			buildActionMask = 2147483647;
			files = (
			);
			inputPaths = (
			);
			name = "📦 Copy Pods Resources";
			outputPaths = (
			);
			runOnlyForDeploymentPostprocessing = 0;
			shellPath = /bin/sh;
			shellScript = "\"${SRCROOT}/Pods/Target Support Files/Pods-InitiativeUITests/Pods-InitiativeUITests-resources.sh\"\n";
			showEnvVarsInLog = 0;
		};
		3B9054ACD17FD81901DEA6E6 /* 📦 Check Pods Manifest.lock */ = {
			isa = PBXShellScriptBuildPhase;
			buildActionMask = 2147483647;
			files = (
			);
			inputPaths = (
			);
			name = "📦 Check Pods Manifest.lock";
			outputPaths = (
			);
			runOnlyForDeploymentPostprocessing = 0;
			shellPath = /bin/sh;
			shellScript = "diff \"${PODS_ROOT}/../Podfile.lock\" \"${PODS_ROOT}/Manifest.lock\" > /dev/null\nif [[ $? != 0 ]] ; then\n    cat << EOM\nerror: The sandbox is not in sync with the Podfile.lock. Run 'pod install' or update your CocoaPods installation.\nEOM\n    exit 1\nfi\n";
			showEnvVarsInLog = 0;
		};
		49EFB6EB17DD088174BD9A41 /* 📦 Copy Pods Resources */ = {
			isa = PBXShellScriptBuildPhase;
			buildActionMask = 2147483647;
			files = (
			);
			inputPaths = (
			);
			name = "📦 Copy Pods Resources";
			outputPaths = (
			);
			runOnlyForDeploymentPostprocessing = 0;
			shellPath = /bin/sh;
			shellScript = "\"${SRCROOT}/Pods/Target Support Files/Pods-InitiativeTests/Pods-InitiativeTests-resources.sh\"\n";
			showEnvVarsInLog = 0;
		};
		88F13BCDF8545305C2B7BCCF /* 📦 Check Pods Manifest.lock */ = {
			isa = PBXShellScriptBuildPhase;
			buildActionMask = 2147483647;
			files = (
			);
			inputPaths = (
			);
			name = "📦 Check Pods Manifest.lock";
			outputPaths = (
			);
			runOnlyForDeploymentPostprocessing = 0;
			shellPath = /bin/sh;
			shellScript = "diff \"${PODS_ROOT}/../Podfile.lock\" \"${PODS_ROOT}/Manifest.lock\" > /dev/null\nif [[ $? != 0 ]] ; then\n    cat << EOM\nerror: The sandbox is not in sync with the Podfile.lock. Run 'pod install' or update your CocoaPods installation.\nEOM\n    exit 1\nfi\n";
			showEnvVarsInLog = 0;
		};
		EB79AA2C6E1FED67DB7E484C /* 📦 Embed Pods Frameworks */ = {
			isa = PBXShellScriptBuildPhase;
			buildActionMask = 2147483647;
			files = (
			);
			inputPaths = (
			);
			name = "📦 Embed Pods Frameworks";
			outputPaths = (
			);
			runOnlyForDeploymentPostprocessing = 0;
			shellPath = /bin/sh;
			shellScript = "\"${SRCROOT}/Pods/Target Support Files/Pods-Initiative/Pods-Initiative-frameworks.sh\"\n";
			showEnvVarsInLog = 0;
		};
/* End PBXShellScriptBuildPhase section */

/* Begin PBXSourcesBuildPhase section */
		AD9505C91D21050A00B7ECE2 /* Sources */ = {
			isa = PBXSourcesBuildPhase;
			buildActionMask = 2147483647;
			files = (
				AD0D289A1D2CE58500F79A78 /* Player.swift in Sources */,
				AD0D28981D2CE58500F79A78 /* ViewController2.swift in Sources */,
				AD0D28961D2CE58500F79A78 /* SignInController.swift in Sources */,
				AD9505D91D21050A00B7ECE2 /* Initiative.xcdatamodeld in Sources */,
				AD0D289B1D2CE58500F79A78 /* SampleData.swift in Sources */,
				AD0D28971D2CE58500F79A78 /* ViewController.swift in Sources */,
				AD0D289D1D2CE58500F79A78 /* TableCell.swift in Sources */,
				AD0D28991D2CE58500F79A78 /* AppDelegate.swift in Sources */,
				AD0D289C1D2CE58500F79A78 /* PlayerCell.swift in Sources */,
			);
			runOnlyForDeploymentPostprocessing = 0;
		};
		AD9505E01D21050A00B7ECE2 /* Sources */ = {
			isa = PBXSourcesBuildPhase;
			buildActionMask = 2147483647;
			files = (
				AD9505E91D21050A00B7ECE2 /* InitiativeTests.swift in Sources */,
			);
			runOnlyForDeploymentPostprocessing = 0;
		};
		AD9505EB1D21050A00B7ECE2 /* Sources */ = {
			isa = PBXSourcesBuildPhase;
			buildActionMask = 2147483647;
			files = (
				AD9505F41D21050A00B7ECE2 /* InitiativeUITests.swift in Sources */,
			);
			runOnlyForDeploymentPostprocessing = 0;
		};
/* End PBXSourcesBuildPhase section */

/* Begin PBXTargetDependency section */
		AD9505E61D21050A00B7ECE2 /* PBXTargetDependency */ = {
			isa = PBXTargetDependency;
			target = AD9505CC1D21050A00B7ECE2 /* Initiative */;
			targetProxy = AD9505E51D21050A00B7ECE2 /* PBXContainerItemProxy */;
		};
		AD9505F11D21050A00B7ECE2 /* PBXTargetDependency */ = {
			isa = PBXTargetDependency;
			target = AD9505CC1D21050A00B7ECE2 /* Initiative */;
			targetProxy = AD9505F01D21050A00B7ECE2 /* PBXContainerItemProxy */;
		};
/* End PBXTargetDependency section */

/* Begin PBXVariantGroup section */
		AD9505D41D21050A00B7ECE2 /* Main.storyboard */ = {
			isa = PBXVariantGroup;
			children = (
				AD9505D51D21050A00B7ECE2 /* Base */,
			);
			name = Main.storyboard;
			sourceTree = "<group>";
		};
		AD9505DC1D21050A00B7ECE2 /* LaunchScreen.storyboard */ = {
			isa = PBXVariantGroup;
			children = (
				AD9505DD1D21050A00B7ECE2 /* Base */,
			);
			name = LaunchScreen.storyboard;
			sourceTree = "<group>";
		};
/* End PBXVariantGroup section */

/* Begin XCBuildConfiguration section */
		AD9505F61D21050A00B7ECE2 /* Debug */ = {
			isa = XCBuildConfiguration;
			buildSettings = {
				ALWAYS_SEARCH_USER_PATHS = NO;
				CLANG_ANALYZER_NONNULL = YES;
				CLANG_CXX_LANGUAGE_STANDARD = "gnu++0x";
				CLANG_CXX_LIBRARY = "libc++";
				CLANG_ENABLE_MODULES = YES;
				CLANG_ENABLE_OBJC_ARC = YES;
				CLANG_WARN_BOOL_CONVERSION = YES;
				CLANG_WARN_CONSTANT_CONVERSION = YES;
				CLANG_WARN_DIRECT_OBJC_ISA_USAGE = YES_ERROR;
				CLANG_WARN_EMPTY_BODY = YES;
				CLANG_WARN_ENUM_CONVERSION = YES;
				CLANG_WARN_INT_CONVERSION = YES;
				CLANG_WARN_OBJC_ROOT_CLASS = YES_ERROR;
				CLANG_WARN_UNREACHABLE_CODE = YES;
				CLANG_WARN__DUPLICATE_METHOD_MATCH = YES;
				"CODE_SIGN_IDENTITY[sdk=iphoneos*]" = "iPhone Developer";
				COPY_PHASE_STRIP = NO;
				DEBUG_INFORMATION_FORMAT = dwarf;
				ENABLE_STRICT_OBJC_MSGSEND = YES;
				ENABLE_TESTABILITY = YES;
				GCC_C_LANGUAGE_STANDARD = gnu99;
				GCC_DYNAMIC_NO_PIC = NO;
				GCC_NO_COMMON_BLOCKS = YES;
				GCC_OPTIMIZATION_LEVEL = 0;
				GCC_PREPROCESSOR_DEFINITIONS = (
					"DEBUG=1",
					"$(inherited)",
				);
				GCC_WARN_64_TO_32_BIT_CONVERSION = YES;
				GCC_WARN_ABOUT_RETURN_TYPE = YES_ERROR;
				GCC_WARN_UNDECLARED_SELECTOR = YES;
				GCC_WARN_UNINITIALIZED_AUTOS = YES_AGGRESSIVE;
				GCC_WARN_UNUSED_FUNCTION = YES;
				GCC_WARN_UNUSED_VARIABLE = YES;
				IPHONEOS_DEPLOYMENT_TARGET = 9.3;
				MTL_ENABLE_DEBUG_INFO = YES;
				ONLY_ACTIVE_ARCH = YES;
				SDKROOT = iphoneos;
				SWIFT_OPTIMIZATION_LEVEL = "-Onone";
				TARGETED_DEVICE_FAMILY = "1,2";
			};
			name = Debug;
		};
		AD9505F71D21050A00B7ECE2 /* Release */ = {
			isa = XCBuildConfiguration;
			buildSettings = {
				ALWAYS_SEARCH_USER_PATHS = NO;
				CLANG_ANALYZER_NONNULL = YES;
				CLANG_CXX_LANGUAGE_STANDARD = "gnu++0x";
				CLANG_CXX_LIBRARY = "libc++";
				CLANG_ENABLE_MODULES = YES;
				CLANG_ENABLE_OBJC_ARC = YES;
				CLANG_WARN_BOOL_CONVERSION = YES;
				CLANG_WARN_CONSTANT_CONVERSION = YES;
				CLANG_WARN_DIRECT_OBJC_ISA_USAGE = YES_ERROR;
				CLANG_WARN_EMPTY_BODY = YES;
				CLANG_WARN_ENUM_CONVERSION = YES;
				CLANG_WARN_INT_CONVERSION = YES;
				CLANG_WARN_OBJC_ROOT_CLASS = YES_ERROR;
				CLANG_WARN_UNREACHABLE_CODE = YES;
				CLANG_WARN__DUPLICATE_METHOD_MATCH = YES;
				"CODE_SIGN_IDENTITY[sdk=iphoneos*]" = "iPhone Developer";
				COPY_PHASE_STRIP = NO;
				DEBUG_INFORMATION_FORMAT = "dwarf-with-dsym";
				ENABLE_NS_ASSERTIONS = NO;
				ENABLE_STRICT_OBJC_MSGSEND = YES;
				GCC_C_LANGUAGE_STANDARD = gnu99;
				GCC_NO_COMMON_BLOCKS = YES;
				GCC_WARN_64_TO_32_BIT_CONVERSION = YES;
				GCC_WARN_ABOUT_RETURN_TYPE = YES_ERROR;
				GCC_WARN_UNDECLARED_SELECTOR = YES;
				GCC_WARN_UNINITIALIZED_AUTOS = YES_AGGRESSIVE;
				GCC_WARN_UNUSED_FUNCTION = YES;
				GCC_WARN_UNUSED_VARIABLE = YES;
				IPHONEOS_DEPLOYMENT_TARGET = 9.3;
				MTL_ENABLE_DEBUG_INFO = NO;
				SDKROOT = iphoneos;
				TARGETED_DEVICE_FAMILY = "1,2";
				VALIDATE_PRODUCT = YES;
			};
			name = Release;
		};
		AD9505F91D21050A00B7ECE2 /* Debug */ = {
			isa = XCBuildConfiguration;
			baseConfigurationReference = 02D409A5591DF065B4E379A5 /* Pods-Initiative.debug.xcconfig */;
			buildSettings = {
				ASSETCATALOG_COMPILER_APPICON_NAME = AppIcon;
				INFOPLIST_FILE = Initiative/Info.plist;
				IPHONEOS_DEPLOYMENT_TARGET = 8.0;
				LD_RUNPATH_SEARCH_PATHS = "$(inherited) @executable_path/Frameworks";
				PRODUCT_BUNDLE_IDENTIFIER = com.slipinsight.Initiative;
				PRODUCT_NAME = "$(TARGET_NAME)";
				SWIFT_OBJC_BRIDGING_HEADER = "Initiative-Bridging-Header.h";
			};
			name = Debug;
		};
		AD9505FA1D21050A00B7ECE2 /* Release */ = {
			isa = XCBuildConfiguration;
			baseConfigurationReference = 5CC17C497EB83D078B5AF3F7 /* Pods-Initiative.release.xcconfig */;
			buildSettings = {
				ASSETCATALOG_COMPILER_APPICON_NAME = AppIcon;
				INFOPLIST_FILE = Initiative/Info.plist;
				IPHONEOS_DEPLOYMENT_TARGET = 8.0;
				LD_RUNPATH_SEARCH_PATHS = "$(inherited) @executable_path/Frameworks";
				PRODUCT_BUNDLE_IDENTIFIER = com.slipinsight.Initiative;
				PRODUCT_NAME = "$(TARGET_NAME)";
				SWIFT_OBJC_BRIDGING_HEADER = "Initiative-Bridging-Header.h";
			};
			name = Release;
		};
		AD9505FC1D21050A00B7ECE2 /* Debug */ = {
			isa = XCBuildConfiguration;
			baseConfigurationReference = 544845BB8E251FDE79D3AF26 /* Pods-InitiativeTests.debug.xcconfig */;
			buildSettings = {
				BUNDLE_LOADER = "$(TEST_HOST)";
				INFOPLIST_FILE = InitiativeTests/Info.plist;
				LD_RUNPATH_SEARCH_PATHS = "$(inherited) @executable_path/Frameworks @loader_path/Frameworks";
				PRODUCT_BUNDLE_IDENTIFIER = com.slipinsight.InitiativeTests;
				PRODUCT_NAME = "$(TARGET_NAME)";
				TEST_HOST = "$(BUILT_PRODUCTS_DIR)/Initiative.app/Initiative";
			};
			name = Debug;
		};
		AD9505FD1D21050A00B7ECE2 /* Release */ = {
			isa = XCBuildConfiguration;
			baseConfigurationReference = 2384015970A3A87BF05DD519 /* Pods-InitiativeTests.release.xcconfig */;
			buildSettings = {
				BUNDLE_LOADER = "$(TEST_HOST)";
				INFOPLIST_FILE = InitiativeTests/Info.plist;
				LD_RUNPATH_SEARCH_PATHS = "$(inherited) @executable_path/Frameworks @loader_path/Frameworks";
				PRODUCT_BUNDLE_IDENTIFIER = com.slipinsight.InitiativeTests;
				PRODUCT_NAME = "$(TARGET_NAME)";
				TEST_HOST = "$(BUILT_PRODUCTS_DIR)/Initiative.app/Initiative";
			};
			name = Release;
		};
		AD9505FF1D21050A00B7ECE2 /* Debug */ = {
			isa = XCBuildConfiguration;
			baseConfigurationReference = 0A43DABC051F9B708E737CE1 /* Pods-InitiativeUITests.debug.xcconfig */;
			buildSettings = {
				INFOPLIST_FILE = InitiativeUITests/Info.plist;
				LD_RUNPATH_SEARCH_PATHS = "$(inherited) @executable_path/Frameworks @loader_path/Frameworks";
				PRODUCT_BUNDLE_IDENTIFIER = com.slipinsight.InitiativeUITests;
				PRODUCT_NAME = "$(TARGET_NAME)";
				TEST_TARGET_NAME = Initiative;
			};
			name = Debug;
		};
		AD9506001D21050A00B7ECE2 /* Release */ = {
			isa = XCBuildConfiguration;
			baseConfigurationReference = 72FDE6F9FE8502B77F8FCCCF /* Pods-InitiativeUITests.release.xcconfig */;
			buildSettings = {
				INFOPLIST_FILE = InitiativeUITests/Info.plist;
				LD_RUNPATH_SEARCH_PATHS = "$(inherited) @executable_path/Frameworks @loader_path/Frameworks";
				PRODUCT_BUNDLE_IDENTIFIER = com.slipinsight.InitiativeUITests;
				PRODUCT_NAME = "$(TARGET_NAME)";
				TEST_TARGET_NAME = Initiative;
			};
			name = Release;
		};
/* End XCBuildConfiguration section */

/* Begin XCConfigurationList section */
		AD9505C81D21050A00B7ECE2 /* Build configuration list for PBXProject "Initiative" */ = {
			isa = XCConfigurationList;
			buildConfigurations = (
				AD9505F61D21050A00B7ECE2 /* Debug */,
				AD9505F71D21050A00B7ECE2 /* Release */,
			);
			defaultConfigurationIsVisible = 0;
			defaultConfigurationName = Release;
		};
		AD9505F81D21050A00B7ECE2 /* Build configuration list for PBXNativeTarget "Initiative" */ = {
			isa = XCConfigurationList;
			buildConfigurations = (
				AD9505F91D21050A00B7ECE2 /* Debug */,
				AD9505FA1D21050A00B7ECE2 /* Release */,
			);
			defaultConfigurationIsVisible = 0;
			defaultConfigurationName = Release;
		};
		AD9505FB1D21050A00B7ECE2 /* Build configuration list for PBXNativeTarget "InitiativeTests" */ = {
			isa = XCConfigurationList;
			buildConfigurations = (
				AD9505FC1D21050A00B7ECE2 /* Debug */,
				AD9505FD1D21050A00B7ECE2 /* Release */,
			);
			defaultConfigurationIsVisible = 0;
			defaultConfigurationName = Release;
		};
		AD9505FE1D21050A00B7ECE2 /* Build configuration list for PBXNativeTarget "InitiativeUITests" */ = {
			isa = XCConfigurationList;
			buildConfigurations = (
				AD9505FF1D21050A00B7ECE2 /* Debug */,
				AD9506001D21050A00B7ECE2 /* Release */,
			);
			defaultConfigurationIsVisible = 0;
			defaultConfigurationName = Release;
		};
/* End XCConfigurationList section */

/* Begin XCVersionGroup section */
		AD9505D71D21050A00B7ECE2 /* Initiative.xcdatamodeld */ = {
			isa = XCVersionGroup;
			children = (
				AD9505D81D21050A00B7ECE2 /* Initiative.xcdatamodel */,
			);
			currentVersion = AD9505D81D21050A00B7ECE2 /* Initiative.xcdatamodel */;
			path = Initiative.xcdatamodeld;
			sourceTree = "<group>";
			versionGroupType = wrapper.xcdatamodel;
		};
/* End XCVersionGroup section */
	};
	rootObject = AD9505C51D21050A00B7ECE2 /* Project object */;
}
